PODS:
  - Flutter (1.0.0)
  - images_picker (0.0.1):
    - Flutter
    - ZLPhotoBrowser (= 4.1.9)
  - scan (0.0.1):
    - Flutter
  - ZLPhotoBrowser (4.1.9):
    - ZLPhotoBrowser/Core (= 4.1.9)
  - ZLPhotoBrowser/Core (4.1.9)

DEPENDENCIES:
  - Flutter (from `Flutter`)
  - images_picker (from `.symlinks/plugins/images_picker/ios`)
  - scan (from `.symlinks/plugins/scan/ios`)

SPEC REPOS:
  trunk:
    - ZLPhotoBrowser

EXTERNAL SOURCES:
  Flutter:
    :path: Flutter
  images_picker:
    :path: ".symlinks/plugins/images_picker/ios"
  scan:
    :path: ".symlinks/plugins/scan/ios"

SPEC CHECKSUMS:
  Flutter: 50d75fe2f02b26cc09d224853bb45737f8b3214a
  images_picker: 7326dd6463f772a69f68bc228ebfabd7db3917c4
  scan: aea35bb4aa59ccc8839c576a18cd57c7d492cc86
  ZLPhotoBrowser: 320aec37f64b0f58d40abd852956c64530011ea4

PODFILE CHECKSUM: aafe91acc616949ddb318b77800a7f51bffa2a4c

COCOAPODS: 1.10.1
